{
    "_meta": {
        "hash": {
            "sha256": "703a8455774557bdd28da9fd948bd26ebfae514150a47dc6de090617c7586c01"
        },
        "host-environment-markers": {
            "implementation_name": "cpython",
            "implementation_version": "3.6.3",
            "os_name": "posix",
            "platform_machine": "x86_64",
            "platform_python_implementation": "CPython",
            "platform_release": "4.13.0-37-generic",
            "platform_system": "Linux",
            "platform_version": "#42-Ubuntu SMP Wed Mar 7 14:13:23 UTC 2018",
            "python_full_version": "3.6.3",
            "python_version": "3.6",
            "sys_platform": "linux"
        },
        "pipfile-spec": 6,
        "requires": {
            "python_version": "3.6"
        },
        "sources": [
            {
                "name": "pypi",
                "url": "https://pypi.python.org/simple",
                "verify_ssl": true
            }
        ]
    },
    "default": {
        "aniso8601": {
            "hashes": [
                "sha256:f7052eb342bf2000c6264a253acedb362513bf9270800be2bc8e3e229fe08b5a",
                "sha256:7cf068e7aec00edeb21879c2bbda048656c34d281e133a77425be03b352122d8"
            ],
            "version": "==3.0.0"
        },
        "elasticsearch": {
            "hashes": [
                "sha256:8f02d626cff98befd298ffb1d19d8e519643d86d3aa27f6d7388566ec4ba48ee",
                "sha256:e754c688e20fe73160fb6f7f5b63f2a71c78788dc9e6908950681d3a39b56e85"
            ],
            "version": "==5.4.0"
        },
        "flask": {
            "hashes": [
                "sha256:4c83829ff83d408b5e1d4995472265411d2c414112298f2eb4b359d9e4563373"
            ],
            "version": "==0.10.1"
        },
        "flask-cors": {
            "hashes": [
                "sha256:55eb3864b4290f939ff19a2250fcb47d8c0f63d250c6780b922629299d011ec8",
                "sha256:ac4b81b3d90f5f18714c995c807f94501df8c9bbc22ef4261c1cd850748c3850",
                "sha256:62ebc5ad80dc21ca0ea9f57466c2c74e24a62274af890b391790c260eb7b754b"
            ],
            "version": "==3.0.3"
        },
        "flask-httpauth": {
            "hashes": [
                "sha256:c2ba01d832827f1d1bab39b321a134f9dded8d48f87e71c86ee16848d8e5a422",
                "sha256:5f4ba7ab79103e28b566c6a0592076312d17c716e079c66ca9ffe21a7871ee8d"
            ],
            "version": "==3.2.3"
        },
        "flask-restplus": {
            "hashes": [
                "sha256:1a005a960ee2efa96dd8c6dc67efb0f047b9c27057a3e9d635181a41548ceba6",
                "sha256:129767ba6087a6f0a6d1bd901f4c11192b4d33fe80c38cf2a8a0b5f8dd6049e3"
            ],
            "version": "==0.10.1"
        },
        "itsdangerous": {
            "hashes": [
                "sha256:cbb3fcf8d3e33df861709ecaf89d9e6629cff0a217bc2848f1b41cd30d360519"
            ],
            "version": "==0.24"
        },
        "jinja2": {
            "hashes": [
                "sha256:74c935a1b8bb9a3947c50a54766a969d4846290e1e788ea44c1392163723c3bd",
                "sha256:f84be1bb0040caca4cea721fcbbbbd61f9be9464ca236387158b0feea01914a4"
            ],
            "version": "==2.10"
        },
        "jsonschema": {
            "hashes": [
                "sha256:000e68abd33c972a5248544925a0cae7d1125f9bf6c58280d37546b946769a08",
                "sha256:6ff5f3180870836cae40f06fa10419f557208175f13ad7bc26caa77beb1f6e02"
            ],
            "version": "==2.6.0"
        },
        "markupsafe": {
            "hashes": [
                "sha256:a6be69091dac236ea9c6bc7d012beab42010fa914c459791d627dad4910eb665"
            ],
            "version": "==1.0"
        },
        "passlib": {
            "hashes": [
                "sha256:43526aea08fa32c6b6dbbbe9963c4c767285b78147b7437597f992812f69d280",
                "sha256:3d948f64138c25633613f303bcc471126eae67c04d5e3f6b7b8ce6242f8653e0"
            ],
            "version": "==1.7.1"
        },
        "pytz": {
            "hashes": [
                "sha256:3abe6a6d3fc2fbbe4c60144211f45da2edbe3182a6f6511af6bbba0598b1f992",
                "sha256:939ef9c1e1224d980405689a97ffcf7828c56d1517b31d73464356c1f2b7769e",
                "sha256:ead4aefa7007249e05e51b01095719d5a8dd95760089f5730aac5698b1932918",
                "sha256:3cca0df08bd0ed98432390494ce3ded003f5e661aa460be7a734bffe35983605",
                "sha256:3ede470d3d17ba3c07638dfa0d10452bc1b6e5ad326127a65ba77e6aaeb11bec",
                "sha256:68c47964f7186eec306b13629627722b9079cd4447ed9e5ecaecd4eac84ca734",
                "sha256:dd5d3991950aae40a6c81de1578942e73d629808cefc51d12cd157980e6cfc18",
                "sha256:a77c52062c07eb7c7b30545dbc73e32995b7e117eea750317b5cb5c7a4618f14",
                "sha256:81af9aec4bc960a9a0127c488f18772dae4634689233f06f65443e7b11ebeb51",
                "sha256:e079b1dadc5c06246cc1bb6fe1b23a50b1d1173f2edd5104efd40bb73a28f406",
                "sha256:fbd26746772c24cb93c8b97cbdad5cb9e46c86bbdb1b9d8a743ee00e2fb1fc5d",
                "sha256:99266ef30a37e43932deec2b7ca73e83c8dbc3b9ff703ec73eca6b1dae6befea",
                "sha256:8b6ce1c993909783bc96e0b4f34ea223bff7a4df2c90bdb9c4e0f1ac928689e3"
            ],
            "version": "==2015.7"
        },
        "rfc3987": {
            "hashes": [
                "sha256:eb58b75dcc029c43d4be6dc2518fdd37c816c3acb2be1680f8a44071a2483b10",
                "sha256:91a7826b0a26c246a5a91bef09c2c0809c713a689be689b9571e78a13f6557a4"
            ],
            "version": "==1.3.7"
        },
        "six": {
            "hashes": [
                "sha256:832dc0e10feb1aa2c68dcc57dbb658f1c7e65b9b61af69048abc87a2db00a0eb",
                "sha256:70e8a77beed4562e7f14fe23a786b54f6296e34344c23bc42f07b15018ff98e9"
            ],
            "version": "==1.11.0"
        },
        "urllib3": {
            "hashes": [
                "sha256:06330f386d6e4b195fbfc736b297f58c5a892e4440e54d294d7004e3a9bbea1b",
                "sha256:cc44da8e1145637334317feebd728bd869a35285b93cbb4cca2577da7e62db4f"
            ],
            "version": "==1.22"
        },
        "werkzeug": {
            "hashes": [
                "sha256:d5da73735293558eb1651ee2fddc4d0dedcfa06538b8813a2e20011583c9e49b",
                "sha256:c3fd7a7d41976d9f44db327260e263132466836cef6f91512889ed60ad26557c"
            ],
            "version": "==0.14.1"
        }
    },
    "develop": {}
}
